
Microsoft Visual Studio Solution File, Format Version 12.00
# Visual Studio 15
VisualStudioVersion = 15.0.28010.2036
MinimumVisualStudioVersion = 10.0.40219.1
Project("{9A19103F-16F7-4668-BE54-9A1E7A4F7556}") = "travelling-deliveryman", "travelling-deliveryman.csproj", "{82D48663-6C50-4825-B15F-35F6E62B65CC}"
EndProject
Project("{FAE04EC0-301F-11D3-BF4B-00C04F79EFBC}") = "Ncr.TravellingDeliveryman.Test", "..\Ncr.TravellingDeliveryman.Test\Ncr.TravellingDeliveryman.Test.csproj", "{B28D0785-B2A8-443B-8A6F-8E2B691FC510}"
EndProject
Global
	GlobalSection(SolutionConfigurationPlatforms) = preSolution
		Debug|Any CPU = Debug|Any CPU
		Release|Any CPU = Release|Any CPU
	EndGlobalSection
	GlobalSection(ProjectConfigurationPlatforms) = postSolution
		{82D48663-6C50-4825-B15F-35F6E62B65CC}.Debug|Any CPU.ActiveCfg = Debug|Any CPU
		{82D48663-6C50-4825-B15F-35F6E62B65CC}.Debug|Any CPU.Build.0 = Debug|Any CPU
		{82D48663-6C50-4825-B15F-35F6E62B65CC}.Release|Any CPU.ActiveCfg = Release|Any CPU
		{82D48663-6C50-4825-B15F-35F6E62B65CC}.Release|Any CPU.Build.0 = Release|Any CPU
		{B28D0785-B2A8-443B-8A6F-8E2B691FC510}.Debug|Any CPU.ActiveCfg = Debug|Any CPU
		{B28D0785-B2A8-443B-8A6F-8E2B691FC510}.Debug|Any CPU.Build.0 = Debug|Any CPU
		{B28D0785-B2A8-443B-8A6F-8E2B691FC510}.Release|Any CPU.ActiveCfg = Release|Any CPU
		{B28D0785-B2A8-443B-8A6F-8E2B691FC510}.Release|Any CPU.Build.0 = Release|Any CPU
	EndGlobalSection
	GlobalSection(SolutionProperties) = preSolution
		HideSolutionNode = FALSE
	EndGlobalSection
	GlobalSection(ExtensibilityGlobals) = postSolution
		SolutionGuid = {A69759AE-6918-4A40-9F42-4ECE70A9750B}
	EndGlobalSection
EndGlobal
